// !$*UTF8*$!
{
	archiveVersion = 1;
	classes = {
	};
	objectVersion = 52;
	objects = {

/* Begin PBXBuildFile section */
		01213E1C270DED72001F23CE /* DetailViewController.swift in Sources */ = {isa = PBXBuildFile; fileRef = 01213E1B270DED72001F23CE /* DetailViewController.swift */; };
		016071242703469A009CA0F3 /* Kingfisher in Frameworks */ = {isa = PBXBuildFile; productRef = 016071232703469A009CA0F3 /* Kingfisher */; };
		016071262703C0FD009CA0F3 /* MovieModel.swift in Sources */ = {isa = PBXBuildFile; fileRef = 016071252703C0FD009CA0F3 /* MovieModel.swift */; };
		017D13D3270247B1007D9BDB /* MovieService.swift in Sources */ = {isa = PBXBuildFile; fileRef = 017D13D2270247B1007D9BDB /* MovieService.swift */; };
		017D13D527024864007D9BDB /* Model.swift in Sources */ = {isa = PBXBuildFile; fileRef = 017D13D427024864007D9BDB /* Model.swift */; };
		017D13D727025642007D9BDB /* TopRatedMovieCell.swift in Sources */ = {isa = PBXBuildFile; fileRef = 017D13D627025642007D9BDB /* TopRatedMovieCell.swift */; };
		0181CFD52707D2B3000BCA82 /* UpcomingMovieCell.swift in Sources */ = {isa = PBXBuildFile; fileRef = 0181CFD42707D2B3000BCA82 /* UpcomingMovieCell.swift */; };
		0181CFD72707D2DD000BCA82 /* PopularMovieCell.swift in Sources */ = {isa = PBXBuildFile; fileRef = 0181CFD62707D2DD000BCA82 /* PopularMovieCell.swift */; };
		0181CFD92707D2F6000BCA82 /* OnGoingMovieCell.swift in Sources */ = {isa = PBXBuildFile; fileRef = 0181CFD82707D2F6000BCA82 /* OnGoingMovieCell.swift */; };
		0181CFDB2707D310000BCA82 /* HeaderView.swift in Sources */ = {isa = PBXBuildFile; fileRef = 0181CFDA2707D310000BCA82 /* HeaderView.swift */; };
		01C12B4C2709C39700B300CE /* MovieViewController.swift in Sources */ = {isa = PBXBuildFile; fileRef = 01C12B4B2709C39700B300CE /* MovieViewController.swift */; };
		01C12B4E2709C44600B300CE /* BaseViewController.swift in Sources */ = {isa = PBXBuildFile; fileRef = 01C12B4D2709C44600B300CE /* BaseViewController.swift */; };
		01FF550626FE12DE0037E95F /* AppDelegate.swift in Sources */ = {isa = PBXBuildFile; fileRef = 01FF550526FE12DE0037E95F /* AppDelegate.swift */; };
		01FF550826FE12DE0037E95F /* SceneDelegate.swift in Sources */ = {isa = PBXBuildFile; fileRef = 01FF550726FE12DE0037E95F /* SceneDelegate.swift */; };
		01FF550D26FE12DE0037E95F /* Main.storyboard in Resources */ = {isa = PBXBuildFile; fileRef = 01FF550B26FE12DE0037E95F /* Main.storyboard */; };
		01FF550F26FE12F90037E95F /* Assets.xcassets in Resources */ = {isa = PBXBuildFile; fileRef = 01FF550E26FE12F90037E95F /* Assets.xcassets */; };
		01FF551226FE12F90037E95F /* LaunchScreen.storyboard in Resources */ = {isa = PBXBuildFile; fileRef = 01FF551026FE12F90037E95F /* LaunchScreen.storyboard */; };
/* End PBXBuildFile section */

/* Begin PBXFileReference section */
		01213E1B270DED72001F23CE /* DetailViewController.swift */ = {isa = PBXFileReference; lastKnownFileType = sourcecode.swift; path = DetailViewController.swift; sourceTree = "<group>"; };
		016071252703C0FD009CA0F3 /* MovieModel.swift */ = {isa = PBXFileReference; lastKnownFileType = sourcecode.swift; path = MovieModel.swift; sourceTree = "<group>"; };
		017D13D2270247B1007D9BDB /* MovieService.swift */ = {isa = PBXFileReference; lastKnownFileType = sourcecode.swift; path = MovieService.swift; sourceTree = "<group>"; };
		017D13D427024864007D9BDB /* Model.swift */ = {isa = PBXFileReference; lastKnownFileType = sourcecode.swift; path = Model.swift; sourceTree = "<group>"; };
		017D13D627025642007D9BDB /* TopRatedMovieCell.swift */ = {isa = PBXFileReference; lastKnownFileType = sourcecode.swift; path = TopRatedMovieCell.swift; sourceTree = "<group>"; };
		0181CFD42707D2B3000BCA82 /* UpcomingMovieCell.swift */ = {isa = PBXFileReference; lastKnownFileType = sourcecode.swift; path = UpcomingMovieCell.swift; sourceTree = "<group>"; };
		0181CFD62707D2DD000BCA82 /* PopularMovieCell.swift */ = {isa = PBXFileReference; lastKnownFileType = sourcecode.swift; path = PopularMovieCell.swift; sourceTree = "<group>"; };
		0181CFD82707D2F6000BCA82 /* OnGoingMovieCell.swift */ = {isa = PBXFileReference; lastKnownFileType = sourcecode.swift; path = OnGoingMovieCell.swift; sourceTree = "<group>"; };
		0181CFDA2707D310000BCA82 /* HeaderView.swift */ = {isa = PBXFileReference; lastKnownFileType = sourcecode.swift; path = HeaderView.swift; sourceTree = "<group>"; };
		01C12B4B2709C39700B300CE /* MovieViewController.swift */ = {isa = PBXFileReference; lastKnownFileType = sourcecode.swift; path = MovieViewController.swift; sourceTree = "<group>"; };
		01C12B4D2709C44600B300CE /* BaseViewController.swift */ = {isa = PBXFileReference; lastKnownFileType = sourcecode.swift; path = BaseViewController.swift; sourceTree = "<group>"; };
		01FF550226FE12DD0037E95F /* Cinema.app */ = {isa = PBXFileReference; explicitFileType = wrapper.application; includeInIndex = 0; path = Cinema.app; sourceTree = BUILT_PRODUCTS_DIR; };
		01FF550526FE12DE0037E95F /* AppDelegate.swift */ = {isa = PBXFileReference; lastKnownFileType = sourcecode.swift; path = AppDelegate.swift; sourceTree = "<group>"; };
		01FF550726FE12DE0037E95F /* SceneDelegate.swift */ = {isa = PBXFileReference; lastKnownFileType = sourcecode.swift; path = SceneDelegate.swift; sourceTree = "<group>"; };
		01FF550C26FE12DE0037E95F /* Base */ = {isa = PBXFileReference; lastKnownFileType = file.storyboard; name = Base; path = Base.lproj/Main.storyboard; sourceTree = "<group>"; };
		01FF550E26FE12F90037E95F /* Assets.xcassets */ = {isa = PBXFileReference; lastKnownFileType = folder.assetcatalog; path = Assets.xcassets; sourceTree = "<group>"; };
		01FF551126FE12F90037E95F /* Base */ = {isa = PBXFileReference; lastKnownFileType = file.storyboard; name = Base; path = Base.lproj/LaunchScreen.storyboard; sourceTree = "<group>"; };
		01FF551326FE12F90037E95F /* Info.plist */ = {isa = PBXFileReference; lastKnownFileType = text.plist.xml; path = Info.plist; sourceTree = "<group>"; };
/* End PBXFileReference section */

/* Begin PBXFrameworksBuildPhase section */
		01FF54FF26FE12DD0037E95F /* Frameworks */ = {
			isa = PBXFrameworksBuildPhase;
			buildActionMask = 2147483647;
			files = (
				016071242703469A009CA0F3 /* Kingfisher in Frameworks */,
			);
			runOnlyForDeploymentPostprocessing = 0;
		};
/* End PBXFrameworksBuildPhase section */

/* Begin PBXGroup section */
		01213E1D270E5E29001F23CE /* Controller */ = {
			isa = PBXGroup;
			children = (
				01C12B4D2709C44600B300CE /* BaseViewController.swift */,
				01C12B4B2709C39700B300CE /* MovieViewController.swift */,
				01213E1B270DED72001F23CE /* DetailViewController.swift */,
			);
			path = Controller;
			sourceTree = "<group>";
		};
		01213E1E270E5E6E001F23CE /* Model */ = {
			isa = PBXGroup;
			children = (
				017D13D427024864007D9BDB /* Model.swift */,
			);
			path = Model;
			sourceTree = "<group>";
		};
		01213E1F270E5EB4001F23CE /* Delegates */ = {
			isa = PBXGroup;
			children = (
				01FF550526FE12DE0037E95F /* AppDelegate.swift */,
				01FF550726FE12DE0037E95F /* SceneDelegate.swift */,
			);
			path = Delegates;
			sourceTree = "<group>";
		};
		01E5DCA227051AB200CBC431 /* View */ = {
			isa = PBXGroup;
			children = (
				01FF550B26FE12DE0037E95F /* Main.storyboard */,
				01FF551026FE12F90037E95F /* LaunchScreen.storyboard */,
				017D13D627025642007D9BDB /* TopRatedMovieCell.swift */,
				0181CFD82707D2F6000BCA82 /* OnGoingMovieCell.swift */,
				0181CFD42707D2B3000BCA82 /* UpcomingMovieCell.swift */,
				0181CFD62707D2DD000BCA82 /* PopularMovieCell.swift */,
				0181CFDA2707D310000BCA82 /* HeaderView.swift */,
			);
			path = View;
			sourceTree = "<group>";
		};
		01E5DCA327051ACC00CBC431 /* Networking */ = {
			isa = PBXGroup;
			children = (
				017D13D2270247B1007D9BDB /* MovieService.swift */,
			);
			path = Networking;
			sourceTree = "<group>";
		};
		01FF54F926FE12DD0037E95F = {
			isa = PBXGroup;
			children = (
				01FF550426FE12DD0037E95F /* Cinema */,
				01FF550326FE12DD0037E95F /* Products */,
			);
			sourceTree = "<group>";
		};
		01FF550326FE12DD0037E95F /* Products */ = {
			isa = PBXGroup;
			children = (
				01FF550226FE12DD0037E95F /* Cinema.app */,
			);
			name = Products;
			sourceTree = "<group>";
		};
		01FF550426FE12DD0037E95F /* Cinema */ = {
			isa = PBXGroup;
			children = (
				01213E1F270E5EB4001F23CE /* Delegates */,
				01213E1E270E5E6E001F23CE /* Model */,
				01E5DCA227051AB200CBC431 /* View */,
				01213E1D270E5E29001F23CE /* Controller */,
				01E5DCA327051ACC00CBC431 /* Networking */,
				016071252703C0FD009CA0F3 /* MovieModel.swift */,
				01FF550E26FE12F90037E95F /* Assets.xcassets */,
				01FF551326FE12F90037E95F /* Info.plist */,
			);
			path = Cinema;
			sourceTree = "<group>";
		};
/* End PBXGroup section */

/* Begin PBXNativeTarget section */
		01FF550126FE12DD0037E95F /* Cinema */ = {
			isa = PBXNativeTarget;
			buildConfigurationList = 01FF551626FE12F90037E95F /* Build configuration list for PBXNativeTarget "Cinema" */;
			buildPhases = (
				01FF54FE26FE12DD0037E95F /* Sources */,
				01FF54FF26FE12DD0037E95F /* Frameworks */,
				01FF550026FE12DD0037E95F /* Resources */,
			);
			buildRules = (
			);
			dependencies = (
			);
			name = Cinema;
			packageProductDependencies = (
				016071232703469A009CA0F3 /* Kingfisher */,
			);
			productName = Cinema;
			productReference = 01FF550226FE12DD0037E95F /* Cinema.app */;
			productType = "com.apple.product-type.application";
		};
/* End PBXNativeTarget section */

/* Begin PBXProject section */
		01FF54FA26FE12DD0037E95F /* Project object */ = {
			isa = PBXProject;
			attributes = {
				LastSwiftUpdateCheck = 1250;
				LastUpgradeCheck = 1250;
				TargetAttributes = {
					01FF550126FE12DD0037E95F = {
						CreatedOnToolsVersion = 12.5;
					};
				};
			};
			buildConfigurationList = 01FF54FD26FE12DD0037E95F /* Build configuration list for PBXProject "Cinema" */;
			compatibilityVersion = "Xcode 9.3";
			developmentRegion = en;
			hasScannedForEncodings = 0;
			knownRegions = (
				en,
				Base,
			);
			mainGroup = 01FF54F926FE12DD0037E95F;
			packageReferences = (
				016071222703469A009CA0F3 /* XCRemoteSwiftPackageReference "Kingfisher" */,
			);
			productRefGroup = 01FF550326FE12DD0037E95F /* Products */;
			projectDirPath = "";
			projectRoot = "";
			targets = (
				01FF550126FE12DD0037E95F /* Cinema */,
			);
		};
/* End PBXProject section */

/* Begin PBXResourcesBuildPhase section */
		01FF550026FE12DD0037E95F /* Resources */ = {
			isa = PBXResourcesBuildPhase;
			buildActionMask = 2147483647;
			files = (
				01FF551226FE12F90037E95F /* LaunchScreen.storyboard in Resources */,
				01FF550F26FE12F90037E95F /* Assets.xcassets in Resources */,
				01FF550D26FE12DE0037E95F /* Main.storyboard in Resources */,
			);
			runOnlyForDeploymentPostprocessing = 0;
		};
/* End PBXResourcesBuildPhase section */

/* Begin PBXSourcesBuildPhase section */
		01FF54FE26FE12DD0037E95F /* Sources */ = {
			isa = PBXSourcesBuildPhase;
			buildActionMask = 2147483647;
			files = (
				01C12B4E2709C44600B300CE /* BaseViewController.swift in Sources */,
				0181CFD72707D2DD000BCA82 /* PopularMovieCell.swift in Sources */,
				016071262703C0FD009CA0F3 /* MovieModel.swift in Sources */,
				017D13D527024864007D9BDB /* Model.swift in Sources */,
				017D13D3270247B1007D9BDB /* MovieService.swift in Sources */,
				0181CFD92707D2F6000BCA82 /* OnGoingMovieCell.swift in Sources */,
				0181CFD52707D2B3000BCA82 /* UpcomingMovieCell.swift in Sources */,
				0181CFDB2707D310000BCA82 /* HeaderView.swift in Sources */,
				01FF550626FE12DE0037E95F /* AppDelegate.swift in Sources */,
				01FF550826FE12DE0037E95F /* SceneDelegate.swift in Sources */,
				017D13D727025642007D9BDB /* TopRatedMovieCell.swift in Sources */,
				01C12B4C2709C39700B300CE /* MovieViewController.swift in Sources */,
				01213E1C270DED72001F23CE /* DetailViewController.swift in Sources */,
			);
			runOnlyForDeploymentPostprocessing = 0;
		};
/* End PBXSourcesBuildPhase section */

/* Begin PBXVariantGroup section */
		01FF550B26FE12DE0037E95F /* Main.storyboard */ = {
			isa = PBXVariantGroup;
			children = (
				01FF550C26FE12DE0037E95F /* Base */,
			);
			name = Main.storyboard;
			sourceTree = "<group>";
		};
		01FF551026FE12F90037E95F /* LaunchScreen.storyboard */ = {
			isa = PBXVariantGroup;
			children = (
				01FF551126FE12F90037E95F /* Base */,
			);
			name = LaunchScreen.storyboard;
			sourceTree = "<group>";
		};
/* End PBXVariantGroup section */

/* Begin XCBuildConfiguration section */
		01FF551426FE12F90037E95F /* Debug */ = {
			isa = XCBuildConfiguration;
			buildSettings = {
				ALWAYS_SEARCH_USER_PATHS = NO;
				CLANG_ANALYZER_NONNULL = YES;
				CLANG_ANALYZER_NUMBER_OBJECT_CONVERSION = YES_AGGRESSIVE;
				CLANG_CXX_LANGUAGE_STANDARD = "gnu++14";
				CLANG_CXX_LIBRARY = "libc++";
				CLANG_ENABLE_MODULES = YES;
				CLANG_ENABLE_OBJC_ARC = YES;
				CLANG_ENABLE_OBJC_WEAK = YES;
				CLANG_WARN_BLOCK_CAPTURE_AUTORELEASING = YES;
				CLANG_WARN_BOOL_CONVERSION = YES;
				CLANG_WARN_COMMA = YES;
				CLANG_WARN_CONSTANT_CONVERSION = YES;
				CLANG_WARN_DEPRECATED_OBJC_IMPLEMENTATIONS = YES;
				CLANG_WARN_DIRECT_OBJC_ISA_USAGE = YES_ERROR;
				CLANG_WARN_DOCUMENTATION_COMMENTS = YES;
				CLANG_WARN_EMPTY_BODY = YES;
				CLANG_WARN_ENUM_CONVERSION = YES;
				CLANG_WARN_INFINITE_RECURSION = YES;
				CLANG_WARN_INT_CONVERSION = YES;
				CLANG_WARN_NON_LITERAL_NULL_CONVERSION = YES;
				CLANG_WARN_OBJC_IMPLICIT_RETAIN_SELF = YES;
				CLANG_WARN_OBJC_LITERAL_CONVERSION = YES;
				CLANG_WARN_OBJC_ROOT_CLASS = YES_ERROR;
				CLANG_WARN_QUOTED_INCLUDE_IN_FRAMEWORK_HEADER = YES;
				CLANG_WARN_RANGE_LOOP_ANALYSIS = YES;
				CLANG_WARN_STRICT_PROTOTYPES = YES;
				CLANG_WARN_SUSPICIOUS_MOVE = YES;
				CLANG_WARN_UNGUARDED_AVAILABILITY = YES_AGGRESSIVE;
				CLANG_WARN_UNREACHABLE_CODE = YES;
				CLANG_WARN__DUPLICATE_METHOD_MATCH = YES;
				COPY_PHASE_STRIP = NO;
				DEBUG_INFORMATION_FORMAT = dwarf;
				ENABLE_STRICT_OBJC_MSGSEND = YES;
				ENABLE_TESTABILITY = YES;
				GCC_C_LANGUAGE_STANDARD = gnu11;
				GCC_DYNAMIC_NO_PIC = NO;
				GCC_NO_COMMON_BLOCKS = YES;
				GCC_OPTIMIZATION_LEVEL = 0;
				GCC_PREPROCESSOR_DEFINITIONS = (
					"DEBUG=1",
					"$(inherited)",
				);
				GCC_WARN_64_TO_32_BIT_CONVERSION = YES;
				GCC_WARN_ABOUT_RETURN_TYPE = YES_ERROR;
				GCC_WARN_UNDECLARED_SELECTOR = YES;
				GCC_WARN_UNINITIALIZED_AUTOS = YES_AGGRESSIVE;
				GCC_WARN_UNUSED_FUNCTION = YES;
				GCC_WARN_UNUSED_VARIABLE = YES;
				IPHONEOS_DEPLOYMENT_TARGET = 14.5;
				MTL_ENABLE_DEBUG_INFO = INCLUDE_SOURCE;
				MTL_FAST_MATH = YES;
				ONLY_ACTIVE_ARCH = YES;
				SDKROOT = iphoneos;
				SWIFT_ACTIVE_COMPILATION_CONDITIONS = DEBUG;
				SWIFT_OPTIMIZATION_LEVEL = "-Onone";
			};
			name = Debug;
		};
		01FF551526FE12F90037E95F /* Release */ = {
			isa = XCBuildConfiguration;
			buildSettings = {
				ALWAYS_SEARCH_USER_PATHS = NO;
				CLANG_ANALYZER_NONNULL = YES;
				CLANG_ANALYZER_NUMBER_OBJECT_CONVERSION = YES_AGGRESSIVE;
				CLANG_CXX_LANGUAGE_STANDARD = "gnu++14";
				CLANG_CXX_LIBRARY = "libc++";
				CLANG_ENABLE_MODULES = YES;
				CLANG_ENABLE_OBJC_ARC = YES;
				CLANG_ENABLE_OBJC_WEAK = YES;
				CLANG_WARN_BLOCK_CAPTURE_AUTORELEASING = YES;
				CLANG_WARN_BOOL_CONVERSION = YES;
				CLANG_WARN_COMMA = YES;
				CLANG_WARN_CONSTANT_CONVERSION = YES;
				CLANG_WARN_DEPRECATED_OBJC_IMPLEMENTATIONS = YES;
				CLANG_WARN_DIRECT_OBJC_ISA_USAGE = YES_ERROR;
				CLANG_WARN_DOCUMENTATION_COMMENTS = YES;
				CLANG_WARN_EMPTY_BODY = YES;
				CLANG_WARN_ENUM_CONVERSION = YES;
				CLANG_WARN_INFINITE_RECURSION = YES;
				CLANG_WARN_INT_CONVERSION = YES;
				CLANG_WARN_NON_LITERAL_NULL_CONVERSION = YES;
				CLANG_WARN_OBJC_IMPLICIT_RETAIN_SELF = YES;
				CLANG_WARN_OBJC_LITERAL_CONVERSION = YES;
				CLANG_WARN_OBJC_ROOT_CLASS = YES_ERROR;
				CLANG_WARN_QUOTED_INCLUDE_IN_FRAMEWORK_HEADER = YES;
				CLANG_WARN_RANGE_LOOP_ANALYSIS = YES;
				CLANG_WARN_STRICT_PROTOTYPES = YES;
				CLANG_WARN_SUSPICIOUS_MOVE = YES;
				CLANG_WARN_UNGUARDED_AVAILABILITY = YES_AGGRESSIVE;
				CLANG_WARN_UNREACHABLE_CODE = YES;
				CLANG_WARN__DUPLICATE_METHOD_MATCH = YES;
				COPY_PHASE_STRIP = NO;
				DEBUG_INFORMATION_FORMAT = "dwarf-with-dsym";
				ENABLE_NS_ASSERTIONS = NO;
				ENABLE_STRICT_OBJC_MSGSEND = YES;
				GCC_C_LANGUAGE_STANDARD = gnu11;
				GCC_NO_COMMON_BLOCKS = YES;
				GCC_WARN_64_TO_32_BIT_CONVERSION = YES;
				GCC_WARN_ABOUT_RETURN_TYPE = YES_ERROR;
				GCC_WARN_UNDECLARED_SELECTOR = YES;
				GCC_WARN_UNINITIALIZED_AUTOS = YES_AGGRESSIVE;
				GCC_WARN_UNUSED_FUNCTION = YES;
				GCC_WARN_UNUSED_VARIABLE = YES;
				IPHONEOS_DEPLOYMENT_TARGET = 14.5;
				MTL_ENABLE_DEBUG_INFO = NO;
				MTL_FAST_MATH = YES;
				SDKROOT = iphoneos;
				SWIFT_COMPILATION_MODE = wholemodule;
				SWIFT_OPTIMIZATION_LEVEL = "-O";
				VALIDATE_PRODUCT = YES;
			};
			name = Release;
		};
		01FF551726FE12F90037E95F /* Debug */ = {
			isa = XCBuildConfiguration;
			buildSettings = {
				ASSETCATALOG_COMPILER_APPICON_NAME = AppIcon;
				ASSETCATALOG_COMPILER_GLOBAL_ACCENT_COLOR_NAME = AccentColor;
				CODE_SIGN_STYLE = Automatic;
				DEVELOPMENT_TEAM = V8A28FT67G;
				INFOPLIST_FILE = Cinema/Info.plist;
				LD_RUNPATH_SEARCH_PATHS = (
					"$(inherited)",
					"@executable_path/Frameworks",
				);
				PRODUCT_BUNDLE_IDENTIFIER = "com.gmail-shevzoom.Cinema";
				PRODUCT_NAME = "$(TARGET_NAME)";
				SWIFT_VERSION = 5.0;
				TARGETED_DEVICE_FAMILY = "1,2";
			};
			name = Debug;
		};
		01FF551826FE12F90037E95F /* Release */ = {
			isa = XCBuildConfiguration;
			buildSettings = {
				ASSETCATALOG_COMPILER_APPICON_NAME = AppIcon;
				ASSETCATALOG_COMPILER_GLOBAL_ACCENT_COLOR_NAME = AccentColor;
				CODE_SIGN_STYLE = Automatic;
				DEVELOPMENT_TEAM = V8A28FT67G;
				INFOPLIST_FILE = Cinema/Info.plist;
				LD_RUNPATH_SEARCH_PATHS = (
					"$(inherited)",
					"@executable_path/Frameworks",
				);
				PRODUCT_BUNDLE_IDENTIFIER = "com.gmail-shevzoom.Cinema";
				PRODUCT_NAME = "$(TARGET_NAME)";
				SWIFT_VERSION = 5.0;
				TARGETED_DEVICE_FAMILY = "1,2";
			};
			name = Release;
		};
/* End XCBuildConfiguration section */

/* Begin XCConfigurationList section */
		01FF54FD26FE12DD0037E95F /* Build configuration list for PBXProject "Cinema" */ = {
			isa = XCConfigurationList;
			buildConfigurations = (
				01FF551426FE12F90037E95F /* Debug */,
				01FF551526FE12F90037E95F /* Release */,
			);
			defaultConfigurationIsVisible = 0;
			defaultConfigurationName = Release;
		};
		01FF551626FE12F90037E95F /* Build configuration list for PBXNativeTarget "Cinema" */ = {
			isa = XCConfigurationList;
			buildConfigurations = (
				01FF551726FE12F90037E95F /* Debug */,
				01FF551826FE12F90037E95F /* Release */,
			);
			defaultConfigurationIsVisible = 0;
			defaultConfigurationName = Release;
		};
/* End XCConfigurationList section */

/* Begin XCRemoteSwiftPackageReference section */
		016071222703469A009CA0F3 /* XCRemoteSwiftPackageReference "Kingfisher" */ = {
			isa = XCRemoteSwiftPackageReference;
			repositoryURL = "https://github.com/onevcat/Kingfisher.git";
			requirement = {
				kind = upToNextMajorVersion;
				minimumVersion = 7.0.0;
			};
		};
/* End XCRemoteSwiftPackageReference section */

/* Begin XCSwiftPackageProductDependency section */
		016071232703469A009CA0F3 /* Kingfisher */ = {
			isa = XCSwiftPackageProductDependency;
			package = 016071222703469A009CA0F3 /* XCRemoteSwiftPackageReference "Kingfisher" */;
			productName = Kingfisher;
		};
/* End XCSwiftPackageProductDependency section */
	};
	rootObject = 01FF54FA26FE12DD0037E95F /* Project object */;
}
